dependencies:
  espressif/esp32-camera:
    component_hash: c3eb05fbeeae884a23bed9b17d48d5f0da8872beadae0c0e747d2fbea6094f06
    dependencies: []
    source:
      registry_url: https://components.espressif.com/
      type: service
    version: 2.0.15
  idf:
    source:
      type: idf
    version: 5.3.1
direct_dependencies:
- espressif/esp32-camera
- idf
manifest_hash: 1f4a71d9459e02a04fe8830eb307130310119bb7491f0a67d7cf0b72ab89019d
target: esp32
version: 2.0.0
